// !$*UTF8*$!
{
	archiveVersion = 1;
	classes = {
	};
	objectVersion = 50;
	objects = {

/* Begin PBXBuildFile section */
		CFE95057273216E900692A2B /* Kadai13_1App.swift in Sources */ = {isa = PBXBuildFile; fileRef = CFE95056273216E900692A2B /* Kadai13_1App.swift */; };
		CFE95059273216E900692A2B /* ContentView.swift in Sources */ = {isa = PBXBuildFile; fileRef = CFE95058273216E900692A2B /* ContentView.swift */; };
		CFE9505B273216EB00692A2B /* Assets.xcassets in Resources */ = {isa = PBXBuildFile; fileRef = CFE9505A273216EB00692A2B /* Assets.xcassets */; };
		CFE9505E273216EB00692A2B /* Preview Assets.xcassets in Resources */ = {isa = PBXBuildFile; fileRef = CFE9505D273216EB00692A2B /* Preview Assets.xcassets */; };
		CFE9506A2732173700692A2B /* fruit.swift in Sources */ = {isa = PBXBuildFile; fileRef = CFE950692732173700692A2B /* fruit.swift */; };
		CFE9506C2732177700692A2B /* FruitList.swift in Sources */ = {isa = PBXBuildFile; fileRef = CFE9506B2732177700692A2B /* FruitList.swift */; };
		CFE9506E273217AE00692A2B /* CheckMark.swift in Sources */ = {isa = PBXBuildFile; fileRef = CFE9506D273217AE00692A2B /* CheckMark.swift */; };
/* End PBXBuildFile section */

/* Begin PBXFileReference section */
		CFE95053273216E900692A2B /* Kadai13_1.app */ = {isa = PBXFileReference; explicitFileType = wrapper.application; includeInIndex = 0; path = Kadai13_1.app; sourceTree = BUILT_PRODUCTS_DIR; };
		CFE95056273216E900692A2B /* Kadai13_1App.swift */ = {isa = PBXFileReference; lastKnownFileType = sourcecode.swift; path = Kadai13_1App.swift; sourceTree = "<group>"; };
		CFE95058273216E900692A2B /* ContentView.swift */ = {isa = PBXFileReference; lastKnownFileType = sourcecode.swift; path = ContentView.swift; sourceTree = "<group>"; };
		CFE9505A273216EB00692A2B /* Assets.xcassets */ = {isa = PBXFileReference; lastKnownFileType = folder.assetcatalog; path = Assets.xcassets; sourceTree = "<group>"; };
		CFE9505D273216EB00692A2B /* Preview Assets.xcassets */ = {isa = PBXFileReference; lastKnownFileType = folder.assetcatalog; path = "Preview Assets.xcassets"; sourceTree = "<group>"; };
		CFE9505F273216EB00692A2B /* Info.plist */ = {isa = PBXFileReference; lastKnownFileType = text.plist.xml; path = Info.plist; sourceTree = "<group>"; };
		CFE950692732173700692A2B /* fruit.swift */ = {isa = PBXFileReference; lastKnownFileType = sourcecode.swift; path = fruit.swift; sourceTree = "<group>"; };
		CFE9506B2732177700692A2B /* FruitList.swift */ = {isa = PBXFileReference; lastKnownFileType = sourcecode.swift; path = FruitList.swift; sourceTree = "<group>"; };
		CFE9506D273217AE00692A2B /* CheckMark.swift */ = {isa = PBXFileReference; lastKnownFileType = sourcecode.swift; path = CheckMark.swift; sourceTree = "<group>"; };
/* End PBXFileReference section */

/* Begin PBXFrameworksBuildPhase section */
		CFE95050273216E900692A2B /* Frameworks */ = {
			isa = PBXFrameworksBuildPhase;
			buildActionMask = 2147483647;
			files = (
			);
			runOnlyForDeploymentPostprocessing = 0;
		};
/* End PBXFrameworksBuildPhase section */

/* Begin PBXGroup section */
		CFE9504A273216E900692A2B = {
			isa = PBXGroup;
			children = (
				CFE95055273216E900692A2B /* Kadai13_1 */,
				CFE95054273216E900692A2B /* Products */,
			);
			sourceTree = "<group>";
		};
		CFE95054273216E900692A2B /* Products */ = {
			isa = PBXGroup;
			children = (
				CFE95053273216E900692A2B /* Kadai13_1.app */,
			);
			name = Products;
			sourceTree = "<group>";
		};
		CFE95055273216E900692A2B /* Kadai13_1 */ = {
			isa = PBXGroup;
			children = (
				CFE950672732170400692A2B /* Controller */,
				CFE95066273216FD00692A2B /* View */,
				CFE95065273216F600692A2B /* Model */,
				CFE95056273216E900692A2B /* Kadai13_1App.swift */,
				CFE95058273216E900692A2B /* ContentView.swift */,
				CFE9505A273216EB00692A2B /* Assets.xcassets */,
				CFE9505F273216EB00692A2B /* Info.plist */,
				CFE9505C273216EB00692A2B /* Preview Content */,
			);
			path = Kadai13_1;
			sourceTree = "<group>";
		};
		CFE9505C273216EB00692A2B /* Preview Content */ = {
			isa = PBXGroup;
			children = (
				CFE9505D273216EB00692A2B /* Preview Assets.xcassets */,
			);
			path = "Preview Content";
			sourceTree = "<group>";
		};
		CFE95065273216F600692A2B /* Model */ = {
			isa = PBXGroup;
			children = (
				CFE950692732173700692A2B /* fruit.swift */,
			);
			path = Model;
			sourceTree = "<group>";
		};
		CFE95066273216FD00692A2B /* View */ = {
			isa = PBXGroup;
			children = (
				CFE9506B2732177700692A2B /* FruitList.swift */,
				CFE9506D273217AE00692A2B /* CheckMark.swift */,
			);
			path = View;
			sourceTree = "<group>";
		};
		CFE950672732170400692A2B /* Controller */ = {
			isa = PBXGroup;
			children = (
			);
			path = Controller;
			sourceTree = "<group>";
		};
/* End PBXGroup section */

/* Begin PBXNativeTarget section */
		CFE95052273216E900692A2B /* Kadai13_1 */ = {
			isa = PBXNativeTarget;
			buildConfigurationList = CFE95062273216EB00692A2B /* Build configuration list for PBXNativeTarget "Kadai13_1" */;
			buildPhases = (
				CFE9504F273216E900692A2B /* Sources */,
				CFE95050273216E900692A2B /* Frameworks */,
				CFE95051273216E900692A2B /* Resources */,
				CFE950682732171A00692A2B /* SwiftLint */,
			);
			buildRules = (
			);
			dependencies = (
			);
			name = Kadai13_1;
			productName = Kadai13_1;
			productReference = CFE95053273216E900692A2B /* Kadai13_1.app */;
			productType = "com.apple.product-type.application";
		};
/* End PBXNativeTarget section */

/* Begin PBXProject section */
		CFE9504B273216E900692A2B /* Project object */ = {
			isa = PBXProject;
			attributes = {
				LastSwiftUpdateCheck = 1250;
				LastUpgradeCheck = 1250;
				TargetAttributes = {
					CFE95052273216E900692A2B = {
						CreatedOnToolsVersion = 12.5.1;
					};
				};
			};
			buildConfigurationList = CFE9504E273216E900692A2B /* Build configuration list for PBXProject "Kadai13_1" */;
			compatibilityVersion = "Xcode 9.3";
			developmentRegion = en;
			hasScannedForEncodings = 0;
			knownRegions = (
				en,
				Base,
			);
			mainGroup = CFE9504A273216E900692A2B;
			productRefGroup = CFE95054273216E900692A2B /* Products */;
			projectDirPath = "";
			projectRoot = "";
			targets = (
				CFE95052273216E900692A2B /* Kadai13_1 */,
			);
		};
/* End PBXProject section */

/* Begin PBXResourcesBuildPhase section */
		CFE95051273216E900692A2B /* Resources */ = {
			isa = PBXResourcesBuildPhase;
			buildActionMask = 2147483647;
			files = (
				CFE9505E273216EB00692A2B /* Preview Assets.xcassets in Resources */,
				CFE9505B273216EB00692A2B /* Assets.xcassets in Resources */,
			);
			runOnlyForDeploymentPostprocessing = 0;
		};
/* End PBXResourcesBuildPhase section */

/* Begin PBXShellScriptBuildPhase section */
		CFE950682732171A00692A2B /* SwiftLint */ = {
			isa = PBXShellScriptBuildPhase;
			buildActionMask = 2147483647;
			files = (
			);
			inputFileListPaths = (
			);
			inputPaths = (
			);
			name = SwiftLint;
			outputFileListPaths = (
			);
			outputPaths = (
			);
			runOnlyForDeploymentPostprocessing = 0;
			shellPath = /bin/sh;
			shellScript = "# Type a script or drag a script file from your workspace to insert its path.\n# Type a script or drag a script file from your workspace to insert its path.\nif which swiftlint >/dev/null; then\n  swiftlint autocorret --format\n  swiftlint\nelse\n  echo \"warning: SwiftLint not installed, download from https://github.com/realm/SwiftLint\"\nfi\n";
		};
/* End PBXShellScriptBuildPhase section */

/* Begin PBXSourcesBuildPhase section */
		CFE9504F273216E900692A2B /* Sources */ = {
			isa = PBXSourcesBuildPhase;
			buildActionMask = 2147483647;
			files = (
				CFE9506C2732177700692A2B /* FruitList.swift in Sources */,
				CFE9506A2732173700692A2B /* fruit.swift in Sources */,
				CFE95059273216E900692A2B /* ContentView.swift in Sources */,
				CFE95057273216E900692A2B /* Kadai13_1App.swift in Sources */,
				CFE9506E273217AE00692A2B /* CheckMark.swift in Sources */,
			);
			runOnlyForDeploymentPostprocessing = 0;
		};
/* End PBXSourcesBuildPhase section */

/* Begin XCBuildConfiguration section */
		CFE95060273216EB00692A2B /* Debug */ = {
			isa = XCBuildConfiguration;
			buildSettings = {
				ALWAYS_SEARCH_USER_PATHS = NO;
				CLANG_ANALYZER_NONNULL = YES;
				CLANG_ANALYZER_NUMBER_OBJECT_CONVERSION = YES_AGGRESSIVE;
				CLANG_CXX_LANGUAGE_STANDARD = "gnu++14";
				CLANG_CXX_LIBRARY = "libc++";
				CLANG_ENABLE_MODULES = YES;
				CLANG_ENABLE_OBJC_ARC = YES;
				CLANG_ENABLE_OBJC_WEAK = YES;
				CLANG_WARN_BLOCK_CAPTURE_AUTORELEASING = YES;
				CLANG_WARN_BOOL_CONVERSION = YES;
				CLANG_WARN_COMMA = YES;
				CLANG_WARN_CONSTANT_CONVERSION = YES;
				CLANG_WARN_DEPRECATED_OBJC_IMPLEMENTATIONS = YES;
				CLANG_WARN_DIRECT_OBJC_ISA_USAGE = YES_ERROR;
				CLANG_WARN_DOCUMENTATION_COMMENTS = YES;
				CLANG_WARN_EMPTY_BODY = YES;
				CLANG_WARN_ENUM_CONVERSION = YES;
				CLANG_WARN_INFINITE_RECURSION = YES;
				CLANG_WARN_INT_CONVERSION = YES;
				CLANG_WARN_NON_LITERAL_NULL_CONVERSION = YES;
				CLANG_WARN_OBJC_IMPLICIT_RETAIN_SELF = YES;
				CLANG_WARN_OBJC_LITERAL_CONVERSION = YES;
				CLANG_WARN_OBJC_ROOT_CLASS = YES_ERROR;
				CLANG_WARN_QUOTED_INCLUDE_IN_FRAMEWORK_HEADER = YES;
				CLANG_WARN_RANGE_LOOP_ANALYSIS = YES;
				CLANG_WARN_STRICT_PROTOTYPES = YES;
				CLANG_WARN_SUSPICIOUS_MOVE = YES;
				CLANG_WARN_UNGUARDED_AVAILABILITY = YES_AGGRESSIVE;
				CLANG_WARN_UNREACHABLE_CODE = YES;
				CLANG_WARN__DUPLICATE_METHOD_MATCH = YES;
				COPY_PHASE_STRIP = NO;
				DEBUG_INFORMATION_FORMAT = dwarf;
				ENABLE_STRICT_OBJC_MSGSEND = YES;
				ENABLE_TESTABILITY = YES;
				GCC_C_LANGUAGE_STANDARD = gnu11;
				GCC_DYNAMIC_NO_PIC = NO;
				GCC_NO_COMMON_BLOCKS = YES;
				GCC_OPTIMIZATION_LEVEL = 0;
				GCC_PREPROCESSOR_DEFINITIONS = (
					"DEBUG=1",
					"$(inherited)",
				);
				GCC_WARN_64_TO_32_BIT_CONVERSION = YES;
				GCC_WARN_ABOUT_RETURN_TYPE = YES_ERROR;
				GCC_WARN_UNDECLARED_SELECTOR = YES;
				GCC_WARN_UNINITIALIZED_AUTOS = YES_AGGRESSIVE;
				GCC_WARN_UNUSED_FUNCTION = YES;
				GCC_WARN_UNUSED_VARIABLE = YES;
				IPHONEOS_DEPLOYMENT_TARGET = 14.5;
				MTL_ENABLE_DEBUG_INFO = INCLUDE_SOURCE;
				MTL_FAST_MATH = YES;
				ONLY_ACTIVE_ARCH = YES;
				SDKROOT = iphoneos;
				SWIFT_ACTIVE_COMPILATION_CONDITIONS = DEBUG;
				SWIFT_OPTIMIZATION_LEVEL = "-Onone";
			};
			name = Debug;
		};
		CFE95061273216EB00692A2B /* Release */ = {
			isa = XCBuildConfiguration;
			buildSettings = {
				ALWAYS_SEARCH_USER_PATHS = NO;
				CLANG_ANALYZER_NONNULL = YES;
				CLANG_ANALYZER_NUMBER_OBJECT_CONVERSION = YES_AGGRESSIVE;
				CLANG_CXX_LANGUAGE_STANDARD = "gnu++14";
				CLANG_CXX_LIBRARY = "libc++";
				CLANG_ENABLE_MODULES = YES;
				CLANG_ENABLE_OBJC_ARC = YES;
				CLANG_ENABLE_OBJC_WEAK = YES;
				CLANG_WARN_BLOCK_CAPTURE_AUTORELEASING = YES;
				CLANG_WARN_BOOL_CONVERSION = YES;
				CLANG_WARN_COMMA = YES;
				CLANG_WARN_CONSTANT_CONVERSION = YES;
				CLANG_WARN_DEPRECATED_OBJC_IMPLEMENTATIONS = YES;
				CLANG_WARN_DIRECT_OBJC_ISA_USAGE = YES_ERROR;
				CLANG_WARN_DOCUMENTATION_COMMENTS = YES;
				CLANG_WARN_EMPTY_BODY = YES;
				CLANG_WARN_ENUM_CONVERSION = YES;
				CLANG_WARN_INFINITE_RECURSION = YES;
				CLANG_WARN_INT_CONVERSION = YES;
				CLANG_WARN_NON_LITERAL_NULL_CONVERSION = YES;
				CLANG_WARN_OBJC_IMPLICIT_RETAIN_SELF = YES;
				CLANG_WARN_OBJC_LITERAL_CONVERSION = YES;
				CLANG_WARN_OBJC_ROOT_CLASS = YES_ERROR;
				CLANG_WARN_QUOTED_INCLUDE_IN_FRAMEWORK_HEADER = YES;
				CLANG_WARN_RANGE_LOOP_ANALYSIS = YES;
				CLANG_WARN_STRICT_PROTOTYPES = YES;
				CLANG_WARN_SUSPICIOUS_MOVE = YES;
				CLANG_WARN_UNGUARDED_AVAILABILITY = YES_AGGRESSIVE;
				CLANG_WARN_UNREACHABLE_CODE = YES;
				CLANG_WARN__DUPLICATE_METHOD_MATCH = YES;
				COPY_PHASE_STRIP = NO;
				DEBUG_INFORMATION_FORMAT = "dwarf-with-dsym";
				ENABLE_NS_ASSERTIONS = NO;
				ENABLE_STRICT_OBJC_MSGSEND = YES;
				GCC_C_LANGUAGE_STANDARD = gnu11;
				GCC_NO_COMMON_BLOCKS = YES;
				GCC_WARN_64_TO_32_BIT_CONVERSION = YES;
				GCC_WARN_ABOUT_RETURN_TYPE = YES_ERROR;
				GCC_WARN_UNDECLARED_SELECTOR = YES;
				GCC_WARN_UNINITIALIZED_AUTOS = YES_AGGRESSIVE;
				GCC_WARN_UNUSED_FUNCTION = YES;
				GCC_WARN_UNUSED_VARIABLE = YES;
				IPHONEOS_DEPLOYMENT_TARGET = 14.5;
				MTL_ENABLE_DEBUG_INFO = NO;
				MTL_FAST_MATH = YES;
				SDKROOT = iphoneos;
				SWIFT_COMPILATION_MODE = wholemodule;
				SWIFT_OPTIMIZATION_LEVEL = "-O";
				VALIDATE_PRODUCT = YES;
			};
			name = Release;
		};
		CFE95063273216EB00692A2B /* Debug */ = {
			isa = XCBuildConfiguration;
			buildSettings = {
				ASSETCATALOG_COMPILER_APPICON_NAME = AppIcon;
				ASSETCATALOG_COMPILER_GLOBAL_ACCENT_COLOR_NAME = AccentColor;
				CODE_SIGN_STYLE = Automatic;
				DEVELOPMENT_ASSET_PATHS = "\"Kadai13_1/Preview Content\"";
				ENABLE_PREVIEWS = YES;
				INFOPLIST_FILE = Kadai13_1/Info.plist;
				IPHONEOS_DEPLOYMENT_TARGET = 14.0;
				LD_RUNPATH_SEARCH_PATHS = (
					"$(inherited)",
					"@executable_path/Frameworks",
				);
				PRODUCT_BUNDLE_IDENTIFIER = "com.akira.Kadai13-1";
				PRODUCT_NAME = "$(TARGET_NAME)";
				SWIFT_VERSION = 5.0;
				TARGETED_DEVICE_FAMILY = "1,2";
			};
			name = Debug;
		};
		CFE95064273216EB00692A2B /* Release */ = {
			isa = XCBuildConfiguration;
			buildSettings = {
				ASSETCATALOG_COMPILER_APPICON_NAME = AppIcon;
				ASSETCATALOG_COMPILER_GLOBAL_ACCENT_COLOR_NAME = AccentColor;
				CODE_SIGN_STYLE = Automatic;
				DEVELOPMENT_ASSET_PATHS = "\"Kadai13_1/Preview Content\"";
				ENABLE_PREVIEWS = YES;
				INFOPLIST_FILE = Kadai13_1/Info.plist;
				IPHONEOS_DEPLOYMENT_TARGET = 14.0;
				LD_RUNPATH_SEARCH_PATHS = (
					"$(inherited)",
					"@executable_path/Frameworks",
				);
				PRODUCT_BUNDLE_IDENTIFIER = "com.akira.Kadai13-1";
				PRODUCT_NAME = "$(TARGET_NAME)";
				SWIFT_VERSION = 5.0;
				TARGETED_DEVICE_FAMILY = "1,2";
			};
			name = Release;
		};
/* End XCBuildConfiguration section */

/* Begin XCConfigurationList section */
		CFE9504E273216E900692A2B /* Build configuration list for PBXProject "Kadai13_1" */ = {
			isa = XCConfigurationList;
			buildConfigurations = (
				CFE95060273216EB00692A2B /* Debug */,
				CFE95061273216EB00692A2B /* Release */,
			);
			defaultConfigurationIsVisible = 0;
			defaultConfigurationName = Release;
		};
		CFE95062273216EB00692A2B /* Build configuration list for PBXNativeTarget "Kadai13_1" */ = {
			isa = XCConfigurationList;
			buildConfigurations = (
				CFE95063273216EB00692A2B /* Debug */,
				CFE95064273216EB00692A2B /* Release */,
			);
			defaultConfigurationIsVisible = 0;
			defaultConfigurationName = Release;
		};
/* End XCConfigurationList section */
	};
	rootObject = CFE9504B273216E900692A2B /* Project object */;
}
